
Microsoft Visual Studio Solution File, Format Version 12.00
# Visual Studio Version 17
VisualStudioVersion = 17.8.34511.84
MinimumVisualStudioVersion = 10.0.40219.1
Project("{FAE04EC0-301F-11D3-BF4B-00C04F79EFBC}") = "App_cliente", "App_cliente.csproj", "{8DF951BD-FE62-4558-880D-AD3D8A282462}"
EndProject
Global
	GlobalSection(SolutionConfigurationPlatforms) = preSolution
		Debug|Any CPU = Debug|Any CPU
		Release|Any CPU = Release|Any CPU
	EndGlobalSection
	GlobalSection(ProjectConfigurationPlatforms) = postSolution
		{8DF951BD-FE62-4558-880D-AD3D8A282462}.Debug|Any CPU.ActiveCfg = Debug|Any CPU
		{8DF951BD-FE62-4558-880D-AD3D8A282462}.Debug|Any CPU.Build.0 = Debug|Any CPU
		{8DF951BD-FE62-4558-880D-AD3D8A282462}.Release|Any CPU.ActiveCfg = Release|Any CPU
		{8DF951BD-FE62-4558-880D-AD3D8A282462}.Release|Any CPU.Build.0 = Release|Any CPU
	EndGlobalSection
	GlobalSection(SolutionProperties) = preSolution
		HideSolutionNode = FALSE
	EndGlobalSection
	GlobalSection(ExtensibilityGlobals) = postSolution
		SolutionGuid = {C2DA5033-875B-4DB5-8B2F-C92A69271722}
	EndGlobalSection
EndGlobal
